
Microsoft Visual Studio Solution File, Format Version 12.00
# Visual Studio Version 17
VisualStudioVersion = 17.13.35825.156 d17.13
MinimumVisualStudioVersion = 10.0.40219.1
Project("{FAE04EC0-301F-11D3-BF4B-00C04F79EFBC}") = "Association(One to Many)", "Association(One to Many).csproj", "{9541CF39-7CAD-4493-B435-A5307A497575}"
EndProject
Global
	GlobalSection(SolutionConfigurationPlatforms) = preSolution
		Debug|Any CPU = Debug|Any CPU
		Release|Any CPU = Release|Any CPU
	EndGlobalSection
	GlobalSection(ProjectConfigurationPlatforms) = postSolution
		{9541CF39-7CAD-4493-B435-A5307A497575}.Debug|Any CPU.ActiveCfg = Debug|Any CPU
		{9541CF39-7CAD-4493-B435-A5307A497575}.Debug|Any CPU.Build.0 = Debug|Any CPU
		{9541CF39-7CAD-4493-B435-A5307A497575}.Release|Any CPU.ActiveCfg = Release|Any CPU
		{9541CF39-7CAD-4493-B435-A5307A497575}.Release|Any CPU.Build.0 = Release|Any CPU
	EndGlobalSection
	GlobalSection(SolutionProperties) = preSolution
		HideSolutionNode = FALSE
	EndGlobalSection
	GlobalSection(ExtensibilityGlobals) = postSolution
		SolutionGuid = {EF46DEC1-D711-44C1-8C9A-BEDE42E79934}
	EndGlobalSection
EndGlobal
